[[package]]
name = "appnope"
version = "0.1.3"
description = "Disable App Nap on macOS >= 10.9"
category = "dev"
optional = false
python-versions = "*"

[[package]]
name = "atomicwrites"
version = "1.4.0"
description = "Atomic file writes."
category = "main"
optional = false
python-versions = ">=2.7, !=3.0.*, !=3.1.*, !=3.2.*, !=3.3.*"

[[package]]
name = "backcall"
version = "0.2.0"
description = "Specifications for callback functions passed in to an API"
category = "dev"
optional = false
python-versions = "*"

[[package]]
name = "base58"
version = "2.1.1"
description = "Base58 and Base58Check implementation."
category = "dev"
optional = false
python-versions = ">=3.5"

[package.extras]
tests = ["mypy", "PyHamcrest (>=2.0.2)", "pytest (>=4.6)", "pytest-benchmark", "pytest-cov", "pytest-flake8"]

[[package]]
name = "black"
version = "22.3.0"
description = "The uncompromising code formatter."
category = "dev"
optional = false
python-versions = ">=3.6.2"

[package.dependencies]
click = ">=8.0.0"
mypy-extensions = ">=0.4.3"
pathspec = ">=0.9.0"
platformdirs = ">=2"
tomli = {version = ">=1.1.0", markers = "python_version < \"3.11\""}
typing-extensions = {version = ">=3.10.0.0", markers = "python_version < \"3.10\""}

[package.extras]
colorama = ["colorama (>=0.4.3)"]
d = ["aiohttp (>=3.7.4)"]
jupyter = ["ipython (>=7.8.0)", "tokenize-rt (>=3.2.0)"]
uvloop = ["uvloop (>=0.15.2)"]

[[package]]
name = "certifi"
version = "2021.10.8"
description = "Python package for providing Mozilla's CA Bundle."
category = "main"
optional = false
python-versions = "*"

[[package]]
name = "charset-normalizer"
version = "2.0.12"
description = "The Real First Universal Charset Detector. Open, modern and actively maintained alternative to Chardet."
category = "main"
optional = false
python-versions = ">=3.5.0"

[package.extras]
unicode_backport = ["unicodedata2"]

[[package]]
name = "click"
version = "8.1.3"
description = "Composable command line interface toolkit"
category = "dev"
optional = false
python-versions = ">=3.7"

[package.dependencies]
colorama = {version = "*", markers = "platform_system == \"Windows\""}

[[package]]
name = "colorama"
version = "0.4.4"
description = "Cross-platform colored terminal text."
category = "dev"
optional = false
python-versions = ">=2.7, !=3.0.*, !=3.1.*, !=3.2.*, !=3.3.*, !=3.4.*"

[[package]]
name = "crytic-compile"
version = "0.2.3"
description = "Util to facilitate smart contracts compilation."
category = "dev"
optional = false
python-versions = ">=3.6"

[package.dependencies]
pysha3 = ">=1.0.2"

[[package]]
name = "decorator"
version = "5.1.1"
description = "Decorators for Humans"
category = "dev"
optional = false
python-versions = ">=3.5"

[[package]]
name = "ecdsa"
version = "0.17.0"
description = "ECDSA cryptographic signature library (pure python)"
category = "dev"
optional = false
python-versions = ">=2.6, !=3.0.*, !=3.1.*, !=3.2.*"

[package.dependencies]
six = ">=1.9.0"

[package.extras]
gmpy = ["gmpy"]
gmpy2 = ["gmpy2"]

[[package]]
name = "fpyutils"
version = "2.1.0"
description = "A collection of useful non-standard Python functions which aim to be simple to use, highly readable but not efficient."
category = "main"
optional = false
python-versions = ">=3"

[package.dependencies]
atomicwrites = ">=1,<2"
requests = ">=2,<3"

[[package]]
name = "fuzzywuzzy"
version = "0.18.0"
description = "Fuzzy string matching in python"
category = "main"
optional = false
python-versions = "*"

[package.extras]
speedup = ["python-levenshtein (>=0.12)"]

[[package]]
name = "hdwallet"
version = "1.3.2"
description = "Python-based library for the implementation of a hierarchical deterministic wallet generator for more than 140+ multiple cryptocurrencies."
category = "dev"
optional = false
python-versions = ">=3.6,<4"

[package.dependencies]
base58 = ">=2.0.1,<3"
ecdsa = ">=0.13,<1"
mnemonic = ">=0.19,<1"
pysha3 = ">=1.0.2,<2"

[package.extras]
docs = ["sphinx (>=3.5.1,<4)", "sphinx-rtd-theme (>=0.5.1,<1)"]
tests = ["pytest (>=6.2.2,<7)", "pytest-cov (>=2.11.1,<3)"]

[[package]]
name = "idna"
version = "3.3"
description = "Internationalized Domain Names in Applications (IDNA)"
category = "main"
optional = false
python-versions = ">=3.5"

[[package]]
name = "ipython"
version = "7.33.0"
description = "IPython: Productive Interactive Computing"
category = "dev"
optional = false
python-versions = ">=3.7"

[package.dependencies]
appnope = {version = "*", markers = "sys_platform == \"darwin\""}
backcall = "*"
colorama = {version = "*", markers = "sys_platform == \"win32\""}
decorator = "*"
jedi = ">=0.16"
matplotlib-inline = "*"
pexpect = {version = ">4.3", markers = "sys_platform != \"win32\""}
pickleshare = "*"
prompt-toolkit = ">=2.0.0,<3.0.0 || >3.0.0,<3.0.1 || >3.0.1,<3.1.0"
pygments = "*"
traitlets = ">=4.2"

[package.extras]
all = ["Sphinx (>=1.3)", "ipykernel", "ipyparallel", "ipywidgets", "nbconvert", "nbformat", "nose (>=0.10.1)", "notebook", "numpy (>=1.17)", "pygments", "qtconsole", "requests", "testpath"]
doc = ["Sphinx (>=1.3)"]
kernel = ["ipykernel"]
nbconvert = ["nbconvert"]
nbformat = ["nbformat"]
notebook = ["notebook", "ipywidgets"]
parallel = ["ipyparallel"]
qtconsole = ["qtconsole"]
test = ["nose (>=0.10.1)", "requests", "testpath", "pygments", "nbformat", "ipykernel", "numpy (>=1.17)"]

[[package]]
name = "jedi"
version = "0.18.1"
description = "An autocompletion tool for Python that can be used for text editors."
category = "dev"
optional = false
python-versions = ">=3.6"

[package.dependencies]
parso = ">=0.8.0,<0.9.0"

[package.extras]
qa = ["flake8 (==3.8.3)", "mypy (==0.782)"]
testing = ["Django (<3.1)", "colorama", "docopt", "pytest (<7.0.0)"]

[[package]]
name = "matplotlib-inline"
version = "0.1.3"
description = "Inline Matplotlib backend for Jupyter"
category = "dev"
optional = false
python-versions = ">=3.5"

[package.dependencies]
traitlets = "*"

[[package]]
name = "md-toc"
version = "8.1.3"
description = "A utility that is able to generate a table of contents for a markdown file."
category = "main"
optional = false
python-versions = ">=3.5, <4"

[package.dependencies]
fpyutils = ">=2.1,<3"

[[package]]
name = "mnemonic"
version = "0.20"
description = "Implementation of Bitcoin BIP-0039"
category = "dev"
optional = false
python-versions = ">=3.5"

[[package]]
name = "mypy-extensions"
version = "0.4.3"
description = "Experimental type system extensions for programs checked with the mypy typechecker."
category = "dev"
optional = false
python-versions = "*"

[[package]]
name = "parso"
version = "0.8.3"
description = "A Python Parser"
category = "dev"
optional = false
python-versions = ">=3.6"

[package.extras]
qa = ["flake8 (==3.8.3)", "mypy (==0.782)"]
testing = ["docopt", "pytest (<6.0.0)"]

[[package]]
name = "pathspec"
version = "0.9.0"
description = "Utility library for gitignore style pattern matching of file paths."
category = "dev"
optional = false
python-versions = "!=3.0.*,!=3.1.*,!=3.2.*,!=3.3.*,!=3.4.*,>=2.7"

[[package]]
name = "pexpect"
version = "4.8.0"
description = "Pexpect allows easy control of interactive console applications."
category = "dev"
optional = false
python-versions = "*"

[package.dependencies]
ptyprocess = ">=0.5"

[[package]]
name = "pickleshare"
version = "0.7.5"
description = "Tiny 'shelve'-like database with concurrency support"
category = "dev"
optional = false
python-versions = "*"

[[package]]
name = "platformdirs"
version = "2.5.2"
description = "A small Python module for determining appropriate platform-specific dirs, e.g. a \"user data dir\"."
category = "dev"
optional = false
python-versions = ">=3.7"

[package.extras]
docs = ["furo (>=2021.7.5b38)", "proselint (>=0.10.2)", "sphinx-autodoc-typehints (>=1.12)", "sphinx (>=4)"]
test = ["appdirs (==1.4.4)", "pytest-cov (>=2.7)", "pytest-mock (>=3.6)", "pytest (>=6)"]

[[package]]
name = "pre-commit-hooks"
version = "1.1.14"
description = ""
category = "main"
optional = false
python-versions = "*"
develop = false

[package.dependencies]
fuzzywuzzy = "*"
python-Levenshtein-wheels = "*"

[package.source]
type = "git"
url = "https://github.com/Lucas-C/pre-commit-hooks"
reference = "master"
resolved_reference = "31a29ed44815a9fb6d5ce28001ab43bcd71f973b"

[[package]]
name = "prettytable"
version = "3.3.0"
description = "A simple Python library for easily displaying tabular data in a visually appealing ASCII table format"
category = "dev"
optional = false
python-versions = ">=3.7"

[package.dependencies]
wcwidth = "*"

[package.extras]
tests = ["pytest", "pytest-cov", "pytest-lazy-fixture"]

[[package]]
name = "prompt-toolkit"
version = "3.0.29"
description = "Library for building powerful interactive command lines in Python"
category = "dev"
optional = false
python-versions = ">=3.6.2"

[package.dependencies]
wcwidth = "*"

[[package]]
name = "ptyprocess"
version = "0.7.0"
description = "Run a subprocess in a pseudo terminal"
category = "dev"
optional = false
python-versions = "*"

[[package]]
name = "pygments"
version = "2.12.0"
description = "Pygments is a syntax highlighting package written in Python."
category = "dev"
optional = false
python-versions = ">=3.6"

[[package]]
name = "pysha3"
version = "1.0.2"
description = "SHA-3 (Keccak) for Python 2.7 - 3.5"
category = "dev"
optional = false
python-versions = "*"

[[package]]
name = "python-levenshtein-wheels"
version = "0.13.2"
description = "Python extension for computing string edit distances and similarities."
category = "main"
optional = false
python-versions = "*"

[[package]]
name = "requests"
version = "2.27.1"
description = "Python HTTP for Humans."
category = "main"
optional = false
python-versions = ">=2.7, !=3.0.*, !=3.1.*, !=3.2.*, !=3.3.*, !=3.4.*, !=3.5.*"

[package.dependencies]
certifi = ">=2017.4.17"
charset-normalizer = {version = ">=2.0.0,<2.1.0", markers = "python_version >= \"3\""}
idna = {version = ">=2.5,<4", markers = "python_version >= \"3\""}
urllib3 = ">=1.21.1,<1.27"

[package.extras]
socks = ["PySocks (>=1.5.6,!=1.5.7)", "win-inet-pton"]
use_chardet_on_py3 = ["chardet (>=3.0.2,<5)"]

[[package]]
name = "six"
version = "1.16.0"
description = "Python 2 and 3 compatibility utilities"
category = "dev"
optional = false
python-versions = ">=2.7, !=3.0.*, !=3.1.*, !=3.2.*"

[[package]]
name = "slither-analyzer"
version = "0.8.3"
description = "Slither is a Solidity static analysis framework written in Python 3."
category = "dev"
optional = false
python-versions = ">=3.6"

[package.dependencies]
crytic-compile = ">=0.2.3"
prettytable = ">=0.7.2"
pysha3 = ">=1.0.2"

[[package]]
name = "tomli"
version = "2.0.1"
description = "A lil' TOML parser"
category = "dev"
optional = false
python-versions = ">=3.7"

[[package]]
name = "traitlets"
version = "5.2.0"
description = "Traitlets Python configuration system"
category = "dev"
optional = false
python-versions = ">=3.7"

[package.extras]
test = ["pytest", "pre-commit"]

[[package]]
name = "typing-extensions"
version = "4.2.0"
description = "Backported and Experimental Type Hints for Python 3.7+"
category = "dev"
optional = false
python-versions = ">=3.7"

[[package]]
name = "urllib3"
version = "1.26.9"
description = "HTTP library with thread-safe connection pooling, file post, and more."
category = "main"
optional = false
python-versions = ">=2.7, !=3.0.*, !=3.1.*, !=3.2.*, !=3.3.*, !=3.4.*, <4"

[package.extras]
brotli = ["brotlicffi (>=0.8.0)", "brotli (>=1.0.9)", "brotlipy (>=0.6.0)"]
secure = ["pyOpenSSL (>=0.14)", "cryptography (>=1.3.4)", "idna (>=2.0.0)", "certifi", "ipaddress"]
socks = ["PySocks (>=1.5.6,!=1.5.7,<2.0)"]

[[package]]
name = "wcwidth"
version = "0.2.5"
description = "Measures the displayed width of unicode strings in a terminal"
category = "dev"
optional = false
python-versions = "*"

[metadata]
lock-version = "1.1"
python-versions = "^3.9"
content-hash = "3d80af9eb074a15c937a5fcbbd26fbd9110e6eb6ff9dbee8c92add6dcfc3f4c2"

[metadata.files]
appnope = [
    {file = "appnope-0.1.3-py2.py3-none-any.whl", hash = "sha256:265a455292d0bd8a72453494fa24df5a11eb18373a60c7c0430889f22548605e"},
    {file = "appnope-0.1.3.tar.gz", hash = "sha256:02bd91c4de869fbb1e1c50aafc4098827a7a54ab2f39d9dcba6c9547ed920e24"},
]
atomicwrites = [
    {file = "atomicwrites-1.4.0-py2.py3-none-any.whl", hash = "sha256:6d1784dea7c0c8d4a5172b6c620f40b6e4cbfdf96d783691f2e1302a7b88e197"},
    {file = "atomicwrites-1.4.0.tar.gz", hash = "sha256:ae70396ad1a434f9c7046fd2dd196fc04b12f9e91ffb859164193be8b6168a7a"},
]
backcall = [
    {file = "backcall-0.2.0-py2.py3-none-any.whl", hash = "sha256:fbbce6a29f263178a1f7915c1940bde0ec2b2a967566fe1c65c1dfb7422bd255"},
    {file = "backcall-0.2.0.tar.gz", hash = "sha256:5cbdbf27be5e7cfadb448baf0aa95508f91f2bbc6c6437cd9cd06e2a4c215e1e"},
]
base58 = [
    {file = "base58-2.1.1-py3-none-any.whl", hash = "sha256:11a36f4d3ce51dfc1043f3218591ac4eb1ceb172919cebe05b52a5bcc8d245c2"},
    {file = "base58-2.1.1.tar.gz", hash = "sha256:c5d0cb3f5b6e81e8e35da5754388ddcc6d0d14b6c6a132cb93d69ed580a7278c"},
]
black = [
    {file = "black-22.3.0-cp310-cp310-macosx_10_9_universal2.whl", hash = "sha256:2497f9c2386572e28921fa8bec7be3e51de6801f7459dffd6e62492531c47e09"},
    {file = "black-22.3.0-cp310-cp310-macosx_10_9_x86_64.whl", hash = "sha256:5795a0375eb87bfe902e80e0c8cfaedf8af4d49694d69161e5bd3206c18618bb"},
    {file = "black-22.3.0-cp310-cp310-macosx_11_0_arm64.whl", hash = "sha256:e3556168e2e5c49629f7b0f377070240bd5511e45e25a4497bb0073d9dda776a"},
    {file = "black-22.3.0-cp310-cp310-manylinux_2_17_x86_64.manylinux2014_x86_64.whl", hash = "sha256:67c8301ec94e3bcc8906740fe071391bce40a862b7be0b86fb5382beefecd968"},
    {file = "black-22.3.0-cp310-cp310-win_amd64.whl", hash = "sha256:fd57160949179ec517d32ac2ac898b5f20d68ed1a9c977346efbac9c2f1e779d"},
    {file = "black-22.3.0-cp36-cp36m-macosx_10_9_x86_64.whl", hash = "sha256:cc1e1de68c8e5444e8f94c3670bb48a2beef0e91dddfd4fcc29595ebd90bb9ce"},
    {file = "black-22.3.0-cp36-cp36m-manylinux_2_17_x86_64.manylinux2014_x86_64.whl", hash = "sha256:6d2fc92002d44746d3e7db7cf9313cf4452f43e9ea77a2c939defce3b10b5c82"},
    {file = "black-22.3.0-cp36-cp36m-win_amd64.whl", hash = "sha256:a6342964b43a99dbc72f72812bf88cad8f0217ae9acb47c0d4f141a6416d2d7b"},
    {file = "black-22.3.0-cp37-cp37m-macosx_10_9_x86_64.whl", hash = "sha256:328efc0cc70ccb23429d6be184a15ce613f676bdfc85e5fe8ea2a9354b4e9015"},
    {file = "black-22.3.0-cp37-cp37m-manylinux_2_17_x86_64.manylinux2014_x86_64.whl", hash = "sha256:06f9d8846f2340dfac80ceb20200ea5d1b3f181dd0556b47af4e8e0b24fa0a6b"},
    {file = "black-22.3.0-cp37-cp37m-win_amd64.whl", hash = "sha256:ad4efa5fad66b903b4a5f96d91461d90b9507a812b3c5de657d544215bb7877a"},
    {file = "black-22.3.0-cp38-cp38-macosx_10_9_universal2.whl", hash = "sha256:e8477ec6bbfe0312c128e74644ac8a02ca06bcdb8982d4ee06f209be28cdf163"},
    {file = "black-22.3.0-cp38-cp38-macosx_10_9_x86_64.whl", hash = "sha256:637a4014c63fbf42a692d22b55d8ad6968a946b4a6ebc385c5505d9625b6a464"},
    {file = "black-22.3.0-cp38-cp38-macosx_11_0_arm64.whl", hash = "sha256:863714200ada56cbc366dc9ae5291ceb936573155f8bf8e9de92aef51f3ad0f0"},
    {file = "black-22.3.0-cp38-cp38-manylinux_2_17_x86_64.manylinux2014_x86_64.whl", hash = "sha256:10dbe6e6d2988049b4655b2b739f98785a884d4d6b85bc35133a8fb9a2233176"},
    {file = "black-22.3.0-cp38-cp38-win_amd64.whl", hash = "sha256:cee3e11161dde1b2a33a904b850b0899e0424cc331b7295f2a9698e79f9a69a0"},
    {file = "black-22.3.0-cp39-cp39-macosx_10_9_universal2.whl", hash = "sha256:5891ef8abc06576985de8fa88e95ab70641de6c1fca97e2a15820a9b69e51b20"},
    {file = "black-22.3.0-cp39-cp39-macosx_10_9_x86_64.whl", hash = "sha256:30d78ba6bf080eeaf0b7b875d924b15cd46fec5fd044ddfbad38c8ea9171043a"},
    {file = "black-22.3.0-cp39-cp39-macosx_11_0_arm64.whl", hash = "sha256:ee8f1f7228cce7dffc2b464f07ce769f478968bfb3dd1254a4c2eeed84928aad"},
    {file = "black-22.3.0-cp39-cp39-manylinux_2_17_x86_64.manylinux2014_x86_64.whl", hash = "sha256:6ee227b696ca60dd1c507be80a6bc849a5a6ab57ac7352aad1ffec9e8b805f21"},
    {file = "black-22.3.0-cp39-cp39-win_amd64.whl", hash = "sha256:9b542ced1ec0ceeff5b37d69838106a6348e60db7b8fdd245294dc1d26136265"},
    {file = "black-22.3.0-py3-none-any.whl", hash = "sha256:bc58025940a896d7e5356952228b68f793cf5fcb342be703c3a2669a1488cb72"},
    {file = "black-22.3.0.tar.gz", hash = "sha256:35020b8886c022ced9282b51b5a875b6d1ab0c387b31a065b84db7c33085ca79"},
]
certifi = [
    {file = "certifi-2021.10.8-py2.py3-none-any.whl", hash = "sha256:d62a0163eb4c2344ac042ab2bdf75399a71a2d8c7d47eac2e2ee91b9d6339569"},
    {file = "certifi-2021.10.8.tar.gz", hash = "sha256:78884e7c1d4b00ce3cea67b44566851c4343c120abd683433ce934a68ea58872"},
]
charset-normalizer = [
    {file = "charset-normalizer-2.0.12.tar.gz", hash = "sha256:2857e29ff0d34db842cd7ca3230549d1a697f96ee6d3fb071cfa6c7393832597"},
    {file = "charset_normalizer-2.0.12-py3-none-any.whl", hash = "sha256:6881edbebdb17b39b4eaaa821b438bf6eddffb4468cf344f09f89def34a8b1df"},
]
click = [
    {file = "click-8.1.3-py3-none-any.whl", hash = "sha256:bb4d8133cb15a609f44e8213d9b391b0809795062913b383c62be0ee95b1db48"},
    {file = "click-8.1.3.tar.gz", hash = "sha256:7682dc8afb30297001674575ea00d1814d808d6a36af415a82bd481d37ba7b8e"},
]
colorama = [
    {file = "colorama-0.4.4-py2.py3-none-any.whl", hash = "sha256:9f47eda37229f68eee03b24b9748937c7dc3868f906e8ba69fbcbdd3bc5dc3e2"},
    {file = "colorama-0.4.4.tar.gz", hash = "sha256:5941b2b48a20143d2267e95b1c2a7603ce057ee39fd88e7329b0c292aa16869b"},
]
crytic-compile = [
    {file = "crytic_compile-0.2.3-py3-none-any.whl", hash = "sha256:9e22b1d6398d20fefbe64209744bd9b2877ae82c0204f682f499df4f78e6842d"},
]
decorator = [
    {file = "decorator-5.1.1-py3-none-any.whl", hash = "sha256:b8c3f85900b9dc423225913c5aace94729fe1fa9763b38939a95226f02d37186"},
    {file = "decorator-5.1.1.tar.gz", hash = "sha256:637996211036b6385ef91435e4fae22989472f9d571faba8927ba8253acbc330"},
]
ecdsa = [
    {file = "ecdsa-0.17.0-py2.py3-none-any.whl", hash = "sha256:5cf31d5b33743abe0dfc28999036c849a69d548f994b535e527ee3cb7f3ef676"},
    {file = "ecdsa-0.17.0.tar.gz", hash = "sha256:b9f500bb439e4153d0330610f5d26baaf18d17b8ced1bc54410d189385ea68aa"},
]
fpyutils = [
    {file = "fpyutils-2.1.0-py3-none-any.whl", hash = "sha256:d2970d42034c0128319ffaba1d7a9657cf0d6031a042f6761a55c353fc1cdfdd"},
    {file = "fpyutils-2.1.0.tar.gz", hash = "sha256:87eec40ab2a04a67cb8e69c047a9d7aa306642641d904bb8016bddf5e2600803"},
]
fuzzywuzzy = [
    {file = "fuzzywuzzy-0.18.0-py2.py3-none-any.whl", hash = "sha256:928244b28db720d1e0ee7587acf660ea49d7e4c632569cad4f1cd7e68a5f0993"},
    {file = "fuzzywuzzy-0.18.0.tar.gz", hash = "sha256:45016e92264780e58972dca1b3d939ac864b78437422beecebb3095f8efd00e8"},
]
hdwallet = [
    {file = "hdwallet-1.3.2-py3-none-any.whl", hash = "sha256:b00ad2a794d00925cc4526875bf09ed9376a8f63012284e042b582136896a4e7"},
    {file = "hdwallet-1.3.2.tar.gz", hash = "sha256:df63f80f883f835586e54c28169e03f34274fa64b5faabe39f1ef10b4b58cd3c"},
]
idna = [
    {file = "idna-3.3-py3-none-any.whl", hash = "sha256:84d9dd047ffa80596e0f246e2eab0b391788b0503584e8945f2368256d2735ff"},
    {file = "idna-3.3.tar.gz", hash = "sha256:9d643ff0a55b762d5cdb124b8eaa99c66322e2157b69160bc32796e824360e6d"},
]
ipython = [
    {file = "ipython-7.33.0-py3-none-any.whl", hash = "sha256:916a3126896e4fd78dd4d9cf3e21586e7fd93bae3f1cd751588b75524b64bf94"},
    {file = "ipython-7.33.0.tar.gz", hash = "sha256:bcffb865a83b081620301ba0ec4d95084454f26b91d6d66b475bff3dfb0218d4"},
]
jedi = [
    {file = "jedi-0.18.1-py2.py3-none-any.whl", hash = "sha256:637c9635fcf47945ceb91cd7f320234a7be540ded6f3e99a50cb6febdfd1ba8d"},
    {file = "jedi-0.18.1.tar.gz", hash = "sha256:74137626a64a99c8eb6ae5832d99b3bdd7d29a3850fe2aa80a4126b2a7d949ab"},
]
matplotlib-inline = [
    {file = "matplotlib-inline-0.1.3.tar.gz", hash = "sha256:a04bfba22e0d1395479f866853ec1ee28eea1485c1d69a6faf00dc3e24ff34ee"},
    {file = "matplotlib_inline-0.1.3-py3-none-any.whl", hash = "sha256:aed605ba3b72462d64d475a21a9296f400a19c4f74a31b59103d2a99ffd5aa5c"},
]
md-toc = [
    {file = "md_toc-8.1.3-py3-none-any.whl", hash = "sha256:79f1c5685aa3d1131e38f6cca438ba420c570e2e6ae1f11138ac34f50afa7d1d"},
    {file = "md_toc-8.1.3.tar.gz", hash = "sha256:c7cdca678856acee24e9c4890239c6953322125f283a7aaebef0f1d227e1c005"},
]
mnemonic = [
    {file = "mnemonic-0.20-py3-none-any.whl", hash = "sha256:acd2168872d0379e7a10873bb3e12bf6c91b35de758135c4fbd1015ef18fafc5"},
    {file = "mnemonic-0.20.tar.gz", hash = "sha256:7c6fb5639d779388027a77944680aee4870f0fcd09b1e42a5525ee2ce4c625f6"},
]
mypy-extensions = [
    {file = "mypy_extensions-0.4.3-py2.py3-none-any.whl", hash = "sha256:090fedd75945a69ae91ce1303b5824f428daf5a028d2f6ab8a299250a846f15d"},
    {file = "mypy_extensions-0.4.3.tar.gz", hash = "sha256:2d82818f5bb3e369420cb3c4060a7970edba416647068eb4c5343488a6c604a8"},
]
parso = [
    {file = "parso-0.8.3-py2.py3-none-any.whl", hash = "sha256:c001d4636cd3aecdaf33cbb40aebb59b094be2a74c556778ef5576c175e19e75"},
    {file = "parso-0.8.3.tar.gz", hash = "sha256:8c07be290bb59f03588915921e29e8a50002acaf2cdc5fa0e0114f91709fafa0"},
]
pathspec = [
    {file = "pathspec-0.9.0-py2.py3-none-any.whl", hash = "sha256:7d15c4ddb0b5c802d161efc417ec1a2558ea2653c2e8ad9c19098201dc1c993a"},
    {file = "pathspec-0.9.0.tar.gz", hash = "sha256:e564499435a2673d586f6b2130bb5b95f04a3ba06f81b8f895b651a3c76aabb1"},
]
pexpect = [
    {file = "pexpect-4.8.0-py2.py3-none-any.whl", hash = "sha256:0b48a55dcb3c05f3329815901ea4fc1537514d6ba867a152b581d69ae3710937"},
    {file = "pexpect-4.8.0.tar.gz", hash = "sha256:fc65a43959d153d0114afe13997d439c22823a27cefceb5ff35c2178c6784c0c"},
]
pickleshare = [
    {file = "pickleshare-0.7.5-py2.py3-none-any.whl", hash = "sha256:9649af414d74d4df115d5d718f82acb59c9d418196b7b4290ed47a12ce62df56"},
    {file = "pickleshare-0.7.5.tar.gz", hash = "sha256:87683d47965c1da65cdacaf31c8441d12b8044cdec9aca500cd78fc2c683afca"},
]
platformdirs = [
    {file = "platformdirs-2.5.2-py3-none-any.whl", hash = "sha256:027d8e83a2d7de06bbac4e5ef7e023c02b863d7ea5d079477e722bb41ab25788"},
    {file = "platformdirs-2.5.2.tar.gz", hash = "sha256:58c8abb07dcb441e6ee4b11d8df0ac856038f944ab98b7be6b27b2a3c7feef19"},
]
pre-commit-hooks = []
prettytable = [
    {file = "prettytable-3.3.0-py3-none-any.whl", hash = "sha256:d1c34d72ea2c0ffd6ce5958e71c428eb21a3d40bf3133afe319b24aeed5af407"},
    {file = "prettytable-3.3.0.tar.gz", hash = "sha256:118eb54fd2794049b810893653b20952349df6d3bc1764e7facd8a18064fa9b0"},
]
prompt-toolkit = [
    {file = "prompt_toolkit-3.0.29-py3-none-any.whl", hash = "sha256:62291dad495e665fca0bda814e342c69952086afb0f4094d0893d357e5c78752"},
    {file = "prompt_toolkit-3.0.29.tar.gz", hash = "sha256:bd640f60e8cecd74f0dc249713d433ace2ddc62b65ee07f96d358e0b152b6ea7"},
]
ptyprocess = [
    {file = "ptyprocess-0.7.0-py2.py3-none-any.whl", hash = "sha256:4b41f3967fce3af57cc7e94b888626c18bf37a083e3651ca8feeb66d492fef35"},
    {file = "ptyprocess-0.7.0.tar.gz", hash = "sha256:5c5d0a3b48ceee0b48485e0c26037c0acd7d29765ca3fbb5cb3831d347423220"},
]
pygments = [
    {file = "Pygments-2.12.0-py3-none-any.whl", hash = "sha256:dc9c10fb40944260f6ed4c688ece0cd2048414940f1cea51b8b226318411c519"},
    {file = "Pygments-2.12.0.tar.gz", hash = "sha256:5eb116118f9612ff1ee89ac96437bb6b49e8f04d8a13b514ba26f620208e26eb"},
]
pysha3 = [
    {file = "pysha3-1.0.2-cp27-cp27m-manylinux1_i686.whl", hash = "sha256:6e6a84efb7856f5d760ee55cd2b446972cb7b835676065f6c4f694913ea8f8d9"},
    {file = "pysha3-1.0.2-cp27-cp27m-manylinux1_x86_64.whl", hash = "sha256:f9046d59b3e72aa84f6dae83a040bd1184ebd7fef4e822d38186a8158c89e3cf"},
    {file = "pysha3-1.0.2-cp27-cp27m-win32.whl", hash = "sha256:9fdd28884c5d0b4edfed269b12badfa07f1c89dbc5c9c66dd279833894a9896b"},
    {file = "pysha3-1.0.2-cp27-cp27m-win_amd64.whl", hash = "sha256:41be70b06c8775a9e4d4eeb52f2f6a3f356f17539a54eac61f43a29e42fd453d"},
    {file = "pysha3-1.0.2-cp27-cp27mu-manylinux1_i686.whl", hash = "sha256:68c3a60a39f9179b263d29e221c1bd6e01353178b14323c39cc70593c30f21c5"},
    {file = "pysha3-1.0.2-cp27-cp27mu-manylinux1_x86_64.whl", hash = "sha256:59111c08b8f34495575d12e5f2ce3bafb98bea470bc81e70c8b6df99aef0dd2f"},
    {file = "pysha3-1.0.2-cp33-cp33m-win32.whl", hash = "sha256:571a246308a7b63f15f5aa9651f99cf30f2a6acba18eddf28f1510935968b603"},
    {file = "pysha3-1.0.2-cp33-cp33m-win_amd64.whl", hash = "sha256:93abd775dac570cb9951c4e423bcb2bc6303a9d1dc0dc2b7afa2dd401d195b24"},
    {file = "pysha3-1.0.2-cp34-cp34m-manylinux1_i686.whl", hash = "sha256:11a2ba7a2e1d9669d0052fc8fb30f5661caed5512586ecbeeaf6bf9478ab5c48"},
    {file = "pysha3-1.0.2-cp34-cp34m-manylinux1_x86_64.whl", hash = "sha256:5ec8da7c5c70a53b5fa99094af3ba8d343955b212bc346a0d25f6ff75853999f"},
    {file = "pysha3-1.0.2-cp34-cp34m-win32.whl", hash = "sha256:9c778fa8b161dc9348dc5cc361e94d54aa5ff18413788f4641f6600d4893a608"},
    {file = "pysha3-1.0.2-cp34-cp34m-win_amd64.whl", hash = "sha256:fd7e66999060d079e9c0e8893e78d8017dad4f59721f6fe0be6307cd32127a07"},
    {file = "pysha3-1.0.2-cp35-cp35m-manylinux1_i686.whl", hash = "sha256:827b308dc025efe9b6b7bae36c2e09ed0118a81f792d888548188e97b9bf9a3d"},
    {file = "pysha3-1.0.2-cp35-cp35m-manylinux1_x86_64.whl", hash = "sha256:4416f16b0f1605c25f627966f76873e432971824778b369bd9ce1bb63d6566d9"},
    {file = "pysha3-1.0.2-cp35-cp35m-win32.whl", hash = "sha256:c93a2676e6588abcfaecb73eb14485c81c63b94fca2000a811a7b4fb5937b8e8"},
    {file = "pysha3-1.0.2-cp35-cp35m-win_amd64.whl", hash = "sha256:684cb01d87ed6ff466c135f1c83e7e4042d0fc668fa20619f581e6add1d38d77"},
    {file = "pysha3-1.0.2-cp36-cp36m-manylinux1_i686.whl", hash = "sha256:386998ee83e313b6911327174e088021f9f2061cbfa1651b97629b761e9ef5c4"},
    {file = "pysha3-1.0.2-cp36-cp36m-manylinux1_x86_64.whl", hash = "sha256:c7c2adcc43836223680ebdf91f1d3373543dc32747c182c8ca2e02d1b69ce030"},
    {file = "pysha3-1.0.2-cp36-cp36m-win32.whl", hash = "sha256:cd5c961b603bd2e6c2b5ef9976f3238a561c58569945d4165efb9b9383b050ef"},
    {file = "pysha3-1.0.2-cp36-cp36m-win_amd64.whl", hash = "sha256:0060a66be16665d90c432f55a0ba1f6480590cfb7d2ad389e688a399183474f0"},
    {file = "pysha3-1.0.2.tar.gz", hash = "sha256:fe988e73f2ce6d947220624f04d467faf05f1bbdbc64b0a201296bb3af92739e"},
]
python-levenshtein-wheels = [
    {file = "python-Levenshtein-wheels-0.13.2.tar.gz", hash = "sha256:7bd8fc3ceeeaca626848a0d7a01d02f5b93475f2d56eaa37921f1271dec7bfb1"},
    {file = "python_Levenshtein_wheels-0.13.2-cp27-cp27m-manylinux1_i686.whl", hash = "sha256:c18114a8685684de347a7180c279b9ac228f2efff550db0f6e6d9b51e43a0d40"},
    {file = "python_Levenshtein_wheels-0.13.2-cp27-cp27m-manylinux1_x86_64.whl", hash = "sha256:3546e97f69040ee18945dfbd989f38b1a51771a73fa2e5c927a19617cee8770f"},
    {file = "python_Levenshtein_wheels-0.13.2-cp27-cp27m-manylinux2010_i686.whl", hash = "sha256:73efa05902c0b544c1228dee3460766141cca4bbe8cab759a179b3d0de830f20"},
    {file = "python_Levenshtein_wheels-0.13.2-cp27-cp27m-manylinux2010_x86_64.whl", hash = "sha256:80755131a888062345a5dc4d67cb40b103d3d56b1fbf73ebc23b09e90abe2aa5"},
    {file = "python_Levenshtein_wheels-0.13.2-cp27-cp27mu-manylinux1_i686.whl", hash = "sha256:68bd86b9ecd9145939f902f989bf0c2a4116248f63cd9417f39f91be17cceffd"},
    {file = "python_Levenshtein_wheels-0.13.2-cp27-cp27mu-manylinux1_x86_64.whl", hash = "sha256:c2a4710965a3b3e1c95ffe55bd9c3b7af2b8c5ca20bd6d3c7b2c8b19dc7c8d52"},
    {file = "python_Levenshtein_wheels-0.13.2-cp27-cp27mu-manylinux2010_i686.whl", hash = "sha256:a361cb9531ca5c626f6d2000c584ffd275a663cfd0c1552df996a892e23ccd2a"},
    {file = "python_Levenshtein_wheels-0.13.2-cp27-cp27mu-manylinux2010_x86_64.whl", hash = "sha256:e6120a75e75c36dd647303ea932136d57c338ac6fe439c664425e6a4c1a9ccb3"},
    {file = "python_Levenshtein_wheels-0.13.2-cp36-cp36m-manylinux1_i686.whl", hash = "sha256:74f1726463d8cdd53966e32f0e3431466506b7dc74c7fa255f53cf3f207aaf36"},
    {file = "python_Levenshtein_wheels-0.13.2-cp36-cp36m-manylinux1_x86_64.whl", hash = "sha256:39beafdf1621a01d2bb41eb3594016d601096dc5243819651d5f2ab2676184db"},
    {file = "python_Levenshtein_wheels-0.13.2-cp36-cp36m-manylinux2010_i686.whl", hash = "sha256:973ea9372520077191d30e31e27d0bd256b36646ec9b642fc6afe2de4093a8eb"},
    {file = "python_Levenshtein_wheels-0.13.2-cp36-cp36m-manylinux2010_x86_64.whl", hash = "sha256:6c435c871a7c2ee9b90cdb14df9bb4d3388472a71eb8727f903d7271a6923f4f"},
    {file = "python_Levenshtein_wheels-0.13.2-cp36-cp36m-manylinux2014_aarch64.whl", hash = "sha256:524143d10396a9c015ffd5fa75ffbd3abf7aeec8ff5eaf4d5c559f5805fe174b"},
    {file = "python_Levenshtein_wheels-0.13.2-cp36-cp36m-win32.whl", hash = "sha256:935b014887fcfd60544ca9cab7810acd5504529d85ea058bb167259c77412831"},
    {file = "python_Levenshtein_wheels-0.13.2-cp36-cp36m-win_amd64.whl", hash = "sha256:088cb1ec5cefc1c1d28e2b2bce0f11159a9f934565c6515f288e1d1526cbd6d6"},
    {file = "python_Levenshtein_wheels-0.13.2-cp37-cp37m-manylinux1_i686.whl", hash = "sha256:ca2cb3aea90227af2633ed58a2187fdb892a6373407c6aae5e3be28eb3b5cae3"},
    {file = "python_Levenshtein_wheels-0.13.2-cp37-cp37m-manylinux1_x86_64.whl", hash = "sha256:0922fd8eb1922bc1bfae40bca8013e2e3d37edab5913707d832136274994f58f"},
    {file = "python_Levenshtein_wheels-0.13.2-cp37-cp37m-manylinux2010_i686.whl", hash = "sha256:2257bfd55fd930fb57ac05840b31d0334e329e290fea81e8458ce87d4793ff7e"},
    {file = "python_Levenshtein_wheels-0.13.2-cp37-cp37m-manylinux2010_x86_64.whl", hash = "sha256:7b12d9a5442f1958a04dd4b9136620c8f510982a9c8561ac2f3482eb80c10c1b"},
    {file = "python_Levenshtein_wheels-0.13.2-cp37-cp37m-manylinux2014_aarch64.whl", hash = "sha256:d17b470ab901b1e06b96a8c9f29d6182449075f5c10ebaaee59e820a22805c0f"},
    {file = "python_Levenshtein_wheels-0.13.2-cp37-cp37m-win32.whl", hash = "sha256:b3ab0f2828f74eb0691d77ab46dc2effb459dd889fb0e4c4e7d835ab1e4bd86d"},
    {file = "python_Levenshtein_wheels-0.13.2-cp37-cp37m-win_amd64.whl", hash = "sha256:ae14f2bc45192bb0bcdda2c8183252c1e96b669ba60ed95cfecdb6fb6cf77586"},
    {file = "python_Levenshtein_wheels-0.13.2-cp38-cp38-manylinux1_i686.whl", hash = "sha256:cca7d7d7a4e94558482767fb42db557655c404bb80752cf9d362fc0c3839e7f5"},
    {file = "python_Levenshtein_wheels-0.13.2-cp38-cp38-manylinux1_x86_64.whl", hash = "sha256:2e101f3c5f74edcc4b0761909790ba83afdfcdef8d0c95fef9ccbb2cda413cee"},
    {file = "python_Levenshtein_wheels-0.13.2-cp38-cp38-manylinux2010_i686.whl", hash = "sha256:ed71883e2a48865012819e961e09690c699ba236097a77a6bf062412c2553d6a"},
    {file = "python_Levenshtein_wheels-0.13.2-cp38-cp38-manylinux2010_x86_64.whl", hash = "sha256:58c3bbc94fa65e9f434593092fe26021166eb9c0b129dddcaf415e839d33ca47"},
    {file = "python_Levenshtein_wheels-0.13.2-cp38-cp38-manylinux2014_aarch64.whl", hash = "sha256:adb2c3cb7b8e2c11785908d68b5097fa634da179c2002a4b7b3c7dff991573d8"},
    {file = "python_Levenshtein_wheels-0.13.2-cp38-cp38-win32.whl", hash = "sha256:8511dc759b61e6ddb68ceab7540a3d9facaa648468cf117a0f91d72abb34ec77"},
    {file = "python_Levenshtein_wheels-0.13.2-cp38-cp38-win_amd64.whl", hash = "sha256:d439e44856702a0c14a2470bc026dacfe89acead538b64d32d80a81954e86c66"},
    {file = "python_Levenshtein_wheels-0.13.2-cp39-cp39-manylinux1_i686.whl", hash = "sha256:ca140bfaca168bfd81bade0a2f8ddaedc65dd508aabe704e7bf6902af4a72133"},
    {file = "python_Levenshtein_wheels-0.13.2-cp39-cp39-manylinux1_x86_64.whl", hash = "sha256:f9a9d6fd3b23dd992ad97d84016ff83ebef0a3deb0d17cd7ec1dec6bd2a03fe3"},
    {file = "python_Levenshtein_wheels-0.13.2-cp39-cp39-manylinux2010_i686.whl", hash = "sha256:a3b448dd1df9678ebf072230a4f12c89a9c0d26283ae0316cc1041e340ae6848"},
    {file = "python_Levenshtein_wheels-0.13.2-cp39-cp39-manylinux2010_x86_64.whl", hash = "sha256:db093fdd8386dd9733064541455a45b777125db0e232f95e732ccb1e4e3204ae"},
    {file = "python_Levenshtein_wheels-0.13.2-cp39-cp39-manylinux2014_aarch64.whl", hash = "sha256:c80f9b14e5f361fd909981ed1474eeb22719e501153f3b98d44d97da2becffb7"},
    {file = "python_Levenshtein_wheels-0.13.2-cp39-cp39-win32.whl", hash = "sha256:2ad9aee1bd64b2e0faa80417c352a04f6b963424f51f2074ad279e6a6cdff603"},
    {file = "python_Levenshtein_wheels-0.13.2-cp39-cp39-win_amd64.whl", hash = "sha256:350d473dc4f262ce37b12c57806b0422bd5a9a1a755717174225ef6062ab2c5a"},
    {file = "python_Levenshtein_wheels-0.13.2-pp27-pypy_73-manylinux1_x86_64.whl", hash = "sha256:ce672ee3f9d635e63fdaba07d7a7dc4711c51007ab4d9033d8380bad8b7c9ade"},
    {file = "python_Levenshtein_wheels-0.13.2-pp27-pypy_73-manylinux2010_x86_64.whl", hash = "sha256:92cf7b7b3e9cac8637575640baefd3c860d87cd001893a19a5bccb6eb9027ce4"},
    {file = "python_Levenshtein_wheels-0.13.2-pp36-pypy36_pp73-manylinux1_x86_64.whl", hash = "sha256:c50683f846cbf1248f82d05b11487a7f0aaa01583d82c39b009b9c7db4fa358e"},
    {file = "python_Levenshtein_wheels-0.13.2-pp36-pypy36_pp73-manylinux2010_x86_64.whl", hash = "sha256:96cb222d45da3c960f22a2bb694a0b4d57d2a62a03b24e4dfae01ab5a1a30cfe"},
    {file = "python_Levenshtein_wheels-0.13.2-pp36-pypy36_pp73-win32.whl", hash = "sha256:641a14fd3bf28e1b4a443cbf0a5c8c7ce255f2be67019862d3734274018e56ed"},
    {file = "python_Levenshtein_wheels-0.13.2-pp37-pypy37_pp73-manylinux1_x86_64.whl", hash = "sha256:5f37c055dcf8ea3fa88bb62c63195cbb05619236ae289aefa1cb0720fa01373e"},
    {file = "python_Levenshtein_wheels-0.13.2-pp37-pypy37_pp73-manylinux2010_x86_64.whl", hash = "sha256:4c55f77ac0b9c87152a409824f9880c8abebe0a7381956a260a4c52e16e32b6b"},
    {file = "python_Levenshtein_wheels-0.13.2-pp37-pypy37_pp73-win32.whl", hash = "sha256:150852c3851659fc95a3435331e9c980ebde6729f2cb0cf5ed4a33f98b0f0839"},
]
requests = [
    {file = "requests-2.27.1-py2.py3-none-any.whl", hash = "sha256:f22fa1e554c9ddfd16e6e41ac79759e17be9e492b3587efa038054674760e72d"},
    {file = "requests-2.27.1.tar.gz", hash = "sha256:68d7c56fd5a8999887728ef304a6d12edc7be74f1cfa47714fc8b414525c9a61"},
]
six = [
    {file = "six-1.16.0-py2.py3-none-any.whl", hash = "sha256:8abb2f1d86890a2dfb989f9a77cfcfd3e47c2a354b01111771326f8aa26e0254"},
    {file = "six-1.16.0.tar.gz", hash = "sha256:1e61c37477a1626458e36f7b1d82aa5c9b094fa4802892072e49de9c60c4c926"},
]
slither-analyzer = [
    {file = "slither_analyzer-0.8.3-py3-none-any.whl", hash = "sha256:6216a934e45a85d2d1a8831b14e5f36a98d56dec7ee4eaf9e59194133d346697"},
]
tomli = [
    {file = "tomli-2.0.1-py3-none-any.whl", hash = "sha256:939de3e7a6161af0c887ef91b7d41a53e7c5a1ca976325f429cb46ea9bc30ecc"},
    {file = "tomli-2.0.1.tar.gz", hash = "sha256:de526c12914f0c550d15924c62d72abc48d6fe7364aa87328337a31007fe8a4f"},
]
traitlets = [
    {file = "traitlets-5.2.0-py3-none-any.whl", hash = "sha256:9dd4025123fbe018a2092b2ad6984792f53ea3362c698f37473258b1fa97b0bc"},
    {file = "traitlets-5.2.0.tar.gz", hash = "sha256:60474f39bf1d39a11e0233090b99af3acee93bbc2281777e61dd8c87da8a0014"},
]
typing-extensions = [
    {file = "typing_extensions-4.2.0-py3-none-any.whl", hash = "sha256:6657594ee297170d19f67d55c05852a874e7eb634f4f753dbd667855e07c1708"},
    {file = "typing_extensions-4.2.0.tar.gz", hash = "sha256:f1c24655a0da0d1b67f07e17a5e6b2a105894e6824b92096378bb3668ef02376"},
]
urllib3 = [
    {file = "urllib3-1.26.9-py2.py3-none-any.whl", hash = "sha256:44ece4d53fb1706f667c9bd1c648f5469a2ec925fcf3a776667042d645472c14"},
    {file = "urllib3-1.26.9.tar.gz", hash = "sha256:aabaf16477806a5e1dd19aa41f8c2b7950dd3c746362d7e3223dbe6de6ac448e"},
]
wcwidth = [
    {file = "wcwidth-0.2.5-py2.py3-none-any.whl", hash = "sha256:beb4802a9cebb9144e99086eff703a642a13d6a0052920003a230f3294bbe784"},
    {file = "wcwidth-0.2.5.tar.gz", hash = "sha256:c4d647b99872929fdb7bdcaa4fbe7f01413ed3d98077df798530e5b04f116c83"},
]
